
Microsoft Visual Studio Solution File, Format Version 12.00
# Visual Studio Version 17
VisualStudioVersion = 17.14.36203.30 d17.14
MinimumVisualStudioVersion = 10.0.40219.1
Project("{FAE04EC0-301F-11D3-BF4B-00C04F79EFBC}") = "UiDesktopApp2", "UiDesktopApp2.csproj", "{149F369B-2555-4E43-B91A-49599A330BC9}"
EndProject
Global
	GlobalSection(SolutionConfigurationPlatforms) = preSolution
		Debug|Any CPU = Debug|Any CPU
		Release|Any CPU = Release|Any CPU
	EndGlobalSection
	GlobalSection(ProjectConfigurationPlatforms) = postSolution
		{149F369B-2555-4E43-B91A-49599A330BC9}.Debug|Any CPU.ActiveCfg = Debug|Any CPU
		{149F369B-2555-4E43-B91A-49599A330BC9}.Debug|Any CPU.Build.0 = Debug|Any CPU
		{149F369B-2555-4E43-B91A-49599A330BC9}.Release|Any CPU.ActiveCfg = Release|Any CPU
		{149F369B-2555-4E43-B91A-49599A330BC9}.Release|Any CPU.Build.0 = Release|Any CPU
	EndGlobalSection
	GlobalSection(SolutionProperties) = preSolution
		HideSolutionNode = FALSE
	EndGlobalSection
	GlobalSection(ExtensibilityGlobals) = postSolution
		SolutionGuid = {E54C6F15-57F7-4A90-BE9B-9385B23BFA30}
	EndGlobalSection
EndGlobal
